// !$*UTF8*$!
{
	archiveVersion = 1;
	classes = {
	};
	objectVersion = 46;
	objects = {

/* Begin PBXBuildFile section */
		3614BECE1ED720D300208D84 /* NSLayoutConstraint+CommonConstraints.m in Sources */ = {isa = PBXBuildFile; fileRef = 3614BECD1ED720D300208D84 /* NSLayoutConstraint+CommonConstraints.m */; };
		36232D461ED6BEDF0099E7A2 /* AppDelegate.swift in Sources */ = {isa = PBXBuildFile; fileRef = 36232D451ED6BEDF0099E7A2 /* AppDelegate.swift */; };
		36232D4B1ED6BEDF0099E7A2 /* Main.storyboard in Resources */ = {isa = PBXBuildFile; fileRef = 36232D491ED6BEDF0099E7A2 /* Main.storyboard */; };
		36232D4D1ED6BEDF0099E7A2 /* Assets.xcassets in Resources */ = {isa = PBXBuildFile; fileRef = 36232D4C1ED6BEDF0099E7A2 /* Assets.xcassets */; };
		36232D501ED6BEDF0099E7A2 /* LaunchScreen.storyboard in Resources */ = {isa = PBXBuildFile; fileRef = 36232D4E1ED6BEDF0099E7A2 /* LaunchScreen.storyboard */; };
		36232D5B1ED6BEDF0099E7A2 /* APPSTUD_TestTests.swift in Sources */ = {isa = PBXBuildFile; fileRef = 36232D5A1ED6BEDF0099E7A2 /* APPSTUD_TestTests.swift */; };
		36232D661ED6BEDF0099E7A2 /* APPSTUD_TestUITests.swift in Sources */ = {isa = PBXBuildFile; fileRef = 36232D651ED6BEDF0099E7A2 /* APPSTUD_TestUITests.swift */; };
		36232D791ED6BF4F0099E7A2 /* Place.swift in Sources */ = {isa = PBXBuildFile; fileRef = 36232D781ED6BF4F0099E7A2 /* Place.swift */; };
		36232D7B1ED6BF7E0099E7A2 /* PlaceViewCell.swift in Sources */ = {isa = PBXBuildFile; fileRef = 36232D7A1ED6BF7E0099E7A2 /* PlaceViewCell.swift */; };
		36232D7D1ED6BF880099E7A2 /* PlaceViewCell.xib in Resources */ = {isa = PBXBuildFile; fileRef = 36232D7C1ED6BF880099E7A2 /* PlaceViewCell.xib */; };
		36232D7F1ED6BF960099E7A2 /* Utils.swift in Sources */ = {isa = PBXBuildFile; fileRef = 36232D7E1ED6BF960099E7A2 /* Utils.swift */; };
		36232D831ED6C0B30099E7A2 /* Constants.swift in Sources */ = {isa = PBXBuildFile; fileRef = 36232D821ED6C0B30099E7A2 /* Constants.swift */; };
		36232D851ED6C1750099E7A2 /* APIConnectionManager.swift in Sources */ = {isa = PBXBuildFile; fileRef = 36232D841ED6C1750099E7A2 /* APIConnectionManager.swift */; };
		36232D871ED6C1960099E7A2 /* ASAnnotationView.swift in Sources */ = {isa = PBXBuildFile; fileRef = 36232D861ED6C1960099E7A2 /* ASAnnotationView.swift */; };
		36232D891ED6C3D20099E7A2 /* MapViewController.swift in Sources */ = {isa = PBXBuildFile; fileRef = 36232D881ED6C3D20099E7A2 /* MapViewController.swift */; };
		36232D8B1ED6C3E90099E7A2 /* BaseViewController.swift in Sources */ = {isa = PBXBuildFile; fileRef = 36232D8A1ED6C3E90099E7A2 /* BaseViewController.swift */; };
		36232D8D1ED6C5700099E7A2 /* ListPlaceViewController.swift in Sources */ = {isa = PBXBuildFile; fileRef = 36232D8C1ED6C5700099E7A2 /* ListPlaceViewController.swift */; };
		36232D8F1ED6CB310099E7A2 /* MapKit.framework in Frameworks */ = {isa = PBXBuildFile; fileRef = 36232D8E1ED6CB300099E7A2 /* MapKit.framework */; };
		36232D911ED6CB350099E7A2 /* UIKit.framework in Frameworks */ = {isa = PBXBuildFile; fileRef = 36232D901ED6CB350099E7A2 /* UIKit.framework */; };
		36232D931ED6CB3E0099E7A2 /* CoreFoundation.framework in Frameworks */ = {isa = PBXBuildFile; fileRef = 36232D921ED6CB3E0099E7A2 /* CoreFoundation.framework */; };
		36232D951ED6CB430099E7A2 /* CoreLocation.framework in Frameworks */ = {isa = PBXBuildFile; fileRef = 36232D941ED6CB430099E7A2 /* CoreLocation.framework */; };
		36232D991ED6CEE90099E7A2 /* PlaceTest.swift in Sources */ = {isa = PBXBuildFile; fileRef = 36232D981ED6CEE90099E7A2 /* PlaceTest.swift */; };
		36232D9B1ED6D30A0099E7A2 /* ASLocationManager.swift in Sources */ = {isa = PBXBuildFile; fileRef = 36232D9A1ED6D30A0099E7A2 /* ASLocationManager.swift */; };
		36232D9F1ED6DBC20099E7A2 /* Distrit1.gpx in Resources */ = {isa = PBXBuildFile; fileRef = 36232D9E1ED6DBC20099E7A2 /* Distrit1.gpx */; };
		36232DA31ED6ECA60099E7A2 /* CoordinatorManager.swift in Sources */ = {isa = PBXBuildFile; fileRef = 36232DA21ED6ECA60099E7A2 /* CoordinatorManager.swift */; };
		36232DA71ED6F8B40099E7A2 /* ASAnnotation.swift in Sources */ = {isa = PBXBuildFile; fileRef = 36232DA61ED6F8B40099E7A2 /* ASAnnotation.swift */; };
		36232DA91ED6FA520099E7A2 /* UIView+Extension.swift in Sources */ = {isa = PBXBuildFile; fileRef = 36232DA81ED6FA520099E7A2 /* UIView+Extension.swift */; };
		53C98D9CA055167AA316F4F2 /* Pods_APPSTUD_TestUITests.framework in Frameworks */ = {isa = PBXBuildFile; fileRef = D0257062144893A5EA4589D3 /* Pods_APPSTUD_TestUITests.framework */; };
		A3D030E1410AAC7061B9B96A /* Pods_APPSTUD_TestTests.framework in Frameworks */ = {isa = PBXBuildFile; fileRef = 14944A1323EE4D441A263DBC /* Pods_APPSTUD_TestTests.framework */; };
		A71BD6398560875C27911CF1 /* Pods_APPSTUD_Test.framework in Frameworks */ = {isa = PBXBuildFile; fileRef = 78051B8DB98BF7500713AB25 /* Pods_APPSTUD_Test.framework */; };
/* End PBXBuildFile section */

/* Begin PBXContainerItemProxy section */
		36232D571ED6BEDF0099E7A2 /* PBXContainerItemProxy */ = {
			isa = PBXContainerItemProxy;
			containerPortal = 36232D3A1ED6BEDE0099E7A2 /* Project object */;
			proxyType = 1;
			remoteGlobalIDString = 36232D411ED6BEDE0099E7A2;
			remoteInfo = "APPSTUD-Test";
		};
		36232D621ED6BEDF0099E7A2 /* PBXContainerItemProxy */ = {
			isa = PBXContainerItemProxy;
			containerPortal = 36232D3A1ED6BEDE0099E7A2 /* Project object */;
			proxyType = 1;
			remoteGlobalIDString = 36232D411ED6BEDE0099E7A2;
			remoteInfo = "APPSTUD-Test";
		};
/* End PBXContainerItemProxy section */

/* Begin PBXFileReference section */
		14944A1323EE4D441A263DBC /* Pods_APPSTUD_TestTests.framework */ = {isa = PBXFileReference; explicitFileType = wrapper.framework; includeInIndex = 0; path = Pods_APPSTUD_TestTests.framework; sourceTree = BUILT_PRODUCTS_DIR; };
		2D312569A15DCC5318B5A898 /* Pods-APPSTUD-TestUITests.debug.xcconfig */ = {isa = PBXFileReference; includeInIndex = 1; lastKnownFileType = text.xcconfig; name = "Pods-APPSTUD-TestUITests.debug.xcconfig"; path = "Pods/Target Support Files/Pods-APPSTUD-TestUITests/Pods-APPSTUD-TestUITests.debug.xcconfig"; sourceTree = "<group>"; };
		3614BECB1ED720D200208D84 /* APPSTUD-Test-Bridging-Header.h */ = {isa = PBXFileReference; lastKnownFileType = sourcecode.c.h; path = "APPSTUD-Test-Bridging-Header.h"; sourceTree = "<group>"; };
		3614BECC1ED720D300208D84 /* NSLayoutConstraint+CommonConstraints.h */ = {isa = PBXFileReference; fileEncoding = 4; lastKnownFileType = sourcecode.c.h; path = "NSLayoutConstraint+CommonConstraints.h"; sourceTree = "<group>"; };
		3614BECD1ED720D300208D84 /* NSLayoutConstraint+CommonConstraints.m */ = {isa = PBXFileReference; fileEncoding = 4; lastKnownFileType = sourcecode.c.objc; path = "NSLayoutConstraint+CommonConstraints.m"; sourceTree = "<group>"; };
		36232D421ED6BEDF0099E7A2 /* APPSTUD-Test.app */ = {isa = PBXFileReference; explicitFileType = wrapper.application; includeInIndex = 0; path = "APPSTUD-Test.app"; sourceTree = BUILT_PRODUCTS_DIR; };
		36232D451ED6BEDF0099E7A2 /* AppDelegate.swift */ = {isa = PBXFileReference; lastKnownFileType = sourcecode.swift; path = AppDelegate.swift; sourceTree = "<group>"; };
		36232D4A1ED6BEDF0099E7A2 /* Base */ = {isa = PBXFileReference; lastKnownFileType = file.storyboard; name = Base; path = Base.lproj/Main.storyboard; sourceTree = "<group>"; };
		36232D4C1ED6BEDF0099E7A2 /* Assets.xcassets */ = {isa = PBXFileReference; lastKnownFileType = folder.assetcatalog; path = Assets.xcassets; sourceTree = "<group>"; };
		36232D4F1ED6BEDF0099E7A2 /* Base */ = {isa = PBXFileReference; lastKnownFileType = file.storyboard; name = Base; path = Base.lproj/LaunchScreen.storyboard; sourceTree = "<group>"; };
		36232D511ED6BEDF0099E7A2 /* Info.plist */ = {isa = PBXFileReference; lastKnownFileType = text.plist.xml; path = Info.plist; sourceTree = "<group>"; };
		36232D561ED6BEDF0099E7A2 /* APPSTUD-TestTests.xctest */ = {isa = PBXFileReference; explicitFileType = wrapper.cfbundle; includeInIndex = 0; path = "APPSTUD-TestTests.xctest"; sourceTree = BUILT_PRODUCTS_DIR; };
		36232D5A1ED6BEDF0099E7A2 /* APPSTUD_TestTests.swift */ = {isa = PBXFileReference; lastKnownFileType = sourcecode.swift; path = APPSTUD_TestTests.swift; sourceTree = "<group>"; };
		36232D5C1ED6BEDF0099E7A2 /* Info.plist */ = {isa = PBXFileReference; lastKnownFileType = text.plist.xml; path = Info.plist; sourceTree = "<group>"; };
		36232D611ED6BEDF0099E7A2 /* APPSTUD-TestUITests.xctest */ = {isa = PBXFileReference; explicitFileType = wrapper.cfbundle; includeInIndex = 0; path = "APPSTUD-TestUITests.xctest"; sourceTree = BUILT_PRODUCTS_DIR; };
		36232D651ED6BEDF0099E7A2 /* APPSTUD_TestUITests.swift */ = {isa = PBXFileReference; lastKnownFileType = sourcecode.swift; path = APPSTUD_TestUITests.swift; sourceTree = "<group>"; };
		36232D671ED6BEDF0099E7A2 /* Info.plist */ = {isa = PBXFileReference; lastKnownFileType = text.plist.xml; path = Info.plist; sourceTree = "<group>"; };
		36232D781ED6BF4F0099E7A2 /* Place.swift */ = {isa = PBXFileReference; fileEncoding = 4; lastKnownFileType = sourcecode.swift; path = Place.swift; sourceTree = "<group>"; };
		36232D7A1ED6BF7E0099E7A2 /* PlaceViewCell.swift */ = {isa = PBXFileReference; fileEncoding = 4; lastKnownFileType = sourcecode.swift; path = PlaceViewCell.swift; sourceTree = "<group>"; };
		36232D7C1ED6BF880099E7A2 /* PlaceViewCell.xib */ = {isa = PBXFileReference; fileEncoding = 4; lastKnownFileType = file.xib; path = PlaceViewCell.xib; sourceTree = "<group>"; };
		36232D7E1ED6BF960099E7A2 /* Utils.swift */ = {isa = PBXFileReference; fileEncoding = 4; lastKnownFileType = sourcecode.swift; path = Utils.swift; sourceTree = "<group>"; };
		36232D821ED6C0B30099E7A2 /* Constants.swift */ = {isa = PBXFileReference; fileEncoding = 4; lastKnownFileType = sourcecode.swift; path = Constants.swift; sourceTree = "<group>"; };
		36232D841ED6C1750099E7A2 /* APIConnectionManager.swift */ = {isa = PBXFileReference; fileEncoding = 4; lastKnownFileType = sourcecode.swift; path = APIConnectionManager.swift; sourceTree = "<group>"; };
		36232D861ED6C1960099E7A2 /* ASAnnotationView.swift */ = {isa = PBXFileReference; fileEncoding = 4; lastKnownFileType = sourcecode.swift; path = ASAnnotationView.swift; sourceTree = "<group>"; };
		36232D881ED6C3D20099E7A2 /* MapViewController.swift */ = {isa = PBXFileReference; fileEncoding = 4; lastKnownFileType = sourcecode.swift; path = MapViewController.swift; sourceTree = "<group>"; };
		36232D8A1ED6C3E90099E7A2 /* BaseViewController.swift */ = {isa = PBXFileReference; fileEncoding = 4; lastKnownFileType = sourcecode.swift; path = BaseViewController.swift; sourceTree = "<group>"; };
		36232D8C1ED6C5700099E7A2 /* ListPlaceViewController.swift */ = {isa = PBXFileReference; fileEncoding = 4; lastKnownFileType = sourcecode.swift; path = ListPlaceViewController.swift; sourceTree = "<group>"; };
		36232D8E1ED6CB300099E7A2 /* MapKit.framework */ = {isa = PBXFileReference; lastKnownFileType = wrapper.framework; name = MapKit.framework; path = System/Library/Frameworks/MapKit.framework; sourceTree = SDKROOT; };
		36232D901ED6CB350099E7A2 /* UIKit.framework */ = {isa = PBXFileReference; lastKnownFileType = wrapper.framework; name = UIKit.framework; path = System/Library/Frameworks/UIKit.framework; sourceTree = SDKROOT; };
		36232D921ED6CB3E0099E7A2 /* CoreFoundation.framework */ = {isa = PBXFileReference; lastKnownFileType = wrapper.framework; name = CoreFoundation.framework; path = System/Library/Frameworks/CoreFoundation.framework; sourceTree = SDKROOT; };
		36232D941ED6CB430099E7A2 /* CoreLocation.framework */ = {isa = PBXFileReference; lastKnownFileType = wrapper.framework; name = CoreLocation.framework; path = System/Library/Frameworks/CoreLocation.framework; sourceTree = SDKROOT; };
		36232D981ED6CEE90099E7A2 /* PlaceTest.swift */ = {isa = PBXFileReference; fileEncoding = 4; lastKnownFileType = sourcecode.swift; path = PlaceTest.swift; sourceTree = "<group>"; };
		36232D9A1ED6D30A0099E7A2 /* ASLocationManager.swift */ = {isa = PBXFileReference; fileEncoding = 4; lastKnownFileType = sourcecode.swift; path = ASLocationManager.swift; sourceTree = "<group>"; };
		36232D9E1ED6DBC20099E7A2 /* Distrit1.gpx */ = {isa = PBXFileReference; fileEncoding = 4; lastKnownFileType = text.xml; path = Distrit1.gpx; sourceTree = "<group>"; };
		36232DA21ED6ECA60099E7A2 /* CoordinatorManager.swift */ = {isa = PBXFileReference; fileEncoding = 4; lastKnownFileType = sourcecode.swift; path = CoordinatorManager.swift; sourceTree = "<group>"; };
		36232DA61ED6F8B40099E7A2 /* ASAnnotation.swift */ = {isa = PBXFileReference; fileEncoding = 4; lastKnownFileType = sourcecode.swift; path = ASAnnotation.swift; sourceTree = "<group>"; };
		36232DA81ED6FA520099E7A2 /* UIView+Extension.swift */ = {isa = PBXFileReference; fileEncoding = 4; lastKnownFileType = sourcecode.swift; path = "UIView+Extension.swift"; sourceTree = "<group>"; };
		4085214582AB4870D38F7978 /* Pods-APPSTUD-TestUITests.release.xcconfig */ = {isa = PBXFileReference; includeInIndex = 1; lastKnownFileType = text.xcconfig; name = "Pods-APPSTUD-TestUITests.release.xcconfig"; path = "Pods/Target Support Files/Pods-APPSTUD-TestUITests/Pods-APPSTUD-TestUITests.release.xcconfig"; sourceTree = "<group>"; };
		78051B8DB98BF7500713AB25 /* Pods_APPSTUD_Test.framework */ = {isa = PBXFileReference; explicitFileType = wrapper.framework; includeInIndex = 0; path = Pods_APPSTUD_Test.framework; sourceTree = BUILT_PRODUCTS_DIR; };
		8889E808070DE95F037B1488 /* Pods-APPSTUD-Test.release.xcconfig */ = {isa = PBXFileReference; includeInIndex = 1; lastKnownFileType = text.xcconfig; name = "Pods-APPSTUD-Test.release.xcconfig"; path = "Pods/Target Support Files/Pods-APPSTUD-Test/Pods-APPSTUD-Test.release.xcconfig"; sourceTree = "<group>"; };
		CA0EFA0531F1865693A81BCD /* Pods-APPSTUD-TestTests.debug.xcconfig */ = {isa = PBXFileReference; includeInIndex = 1; lastKnownFileType = text.xcconfig; name = "Pods-APPSTUD-TestTests.debug.xcconfig"; path = "Pods/Target Support Files/Pods-APPSTUD-TestTests/Pods-APPSTUD-TestTests.debug.xcconfig"; sourceTree = "<group>"; };
		D0257062144893A5EA4589D3 /* Pods_APPSTUD_TestUITests.framework */ = {isa = PBXFileReference; explicitFileType = wrapper.framework; includeInIndex = 0; path = Pods_APPSTUD_TestUITests.framework; sourceTree = BUILT_PRODUCTS_DIR; };
		D567FDEE6E31246C80CA6F99 /* Pods-APPSTUD-Test.debug.xcconfig */ = {isa = PBXFileReference; includeInIndex = 1; lastKnownFileType = text.xcconfig; name = "Pods-APPSTUD-Test.debug.xcconfig"; path = "Pods/Target Support Files/Pods-APPSTUD-Test/Pods-APPSTUD-Test.debug.xcconfig"; sourceTree = "<group>"; };
		E197040B9AA4CA2776EE4087 /* Pods-APPSTUD-TestTests.release.xcconfig */ = {isa = PBXFileReference; includeInIndex = 1; lastKnownFileType = text.xcconfig; name = "Pods-APPSTUD-TestTests.release.xcconfig"; path = "Pods/Target Support Files/Pods-APPSTUD-TestTests/Pods-APPSTUD-TestTests.release.xcconfig"; sourceTree = "<group>"; };
/* End PBXFileReference section */

/* Begin PBXFrameworksBuildPhase section */
		36232D3F1ED6BEDE0099E7A2 /* Frameworks */ = {
			isa = PBXFrameworksBuildPhase;
			buildActionMask = 2147483647;
			files = (
				36232D951ED6CB430099E7A2 /* CoreLocation.framework in Frameworks */,
				36232D931ED6CB3E0099E7A2 /* CoreFoundation.framework in Frameworks */,
				36232D911ED6CB350099E7A2 /* UIKit.framework in Frameworks */,
				36232D8F1ED6CB310099E7A2 /* MapKit.framework in Frameworks */,
				A71BD6398560875C27911CF1 /* Pods_APPSTUD_Test.framework in Frameworks */,
			);
			runOnlyForDeploymentPostprocessing = 0;
		};
		36232D531ED6BEDF0099E7A2 /* Frameworks */ = {
			isa = PBXFrameworksBuildPhase;
			buildActionMask = 2147483647;
			files = (
				A3D030E1410AAC7061B9B96A /* Pods_APPSTUD_TestTests.framework in Frameworks */,
			);
			runOnlyForDeploymentPostprocessing = 0;
		};
		36232D5E1ED6BEDF0099E7A2 /* Frameworks */ = {
			isa = PBXFrameworksBuildPhase;
			buildActionMask = 2147483647;
			files = (
				53C98D9CA055167AA316F4F2 /* Pods_APPSTUD_TestUITests.framework in Frameworks */,
			);
			runOnlyForDeploymentPostprocessing = 0;
		};
/* End PBXFrameworksBuildPhase section */

/* Begin PBXGroup section */
		36232D391ED6BEDE0099E7A2 = {
			isa = PBXGroup;
			children = (
				36232D441ED6BEDF0099E7A2 /* APPSTUD-Test */,
				36232D591ED6BEDF0099E7A2 /* APPSTUD-TestTests */,
				36232D641ED6BEDF0099E7A2 /* APPSTUD-TestUITests */,
				36232D431ED6BEDF0099E7A2 /* Products */,
				F9D84F40304C801B0AA36A60 /* Pods */,
				FB03EF1D3532AD2E89BFF805 /* Frameworks */,
			);
			sourceTree = "<group>";
		};
		36232D431ED6BEDF0099E7A2 /* Products */ = {
			isa = PBXGroup;
			children = (
				36232D421ED6BEDF0099E7A2 /* APPSTUD-Test.app */,
				36232D561ED6BEDF0099E7A2 /* APPSTUD-TestTests.xctest */,
				36232D611ED6BEDF0099E7A2 /* APPSTUD-TestUITests.xctest */,
			);
			name = Products;
			sourceTree = "<group>";
		};
		36232D441ED6BEDF0099E7A2 /* APPSTUD-Test */ = {
			isa = PBXGroup;
			children = (
				36232D9D1ED6DBC20099E7A2 /* Resources */,
				36232D811ED6C0A20099E7A2 /* Constants */,
				36232D801ED6C0030099E7A2 /* Connections */,
				36232D731ED6BF3C0099E7A2 /* Components */,
				36232D741ED6BF3C0099E7A2 /* Controllers */,
				36232D751ED6BF3C0099E7A2 /* Models */,
				36232D761ED6BF3C0099E7A2 /* Utils */,
				36232D771ED6BF3C0099E7A2 /* Views */,
				36232D451ED6BEDF0099E7A2 /* AppDelegate.swift */,
				36232D491ED6BEDF0099E7A2 /* Main.storyboard */,
				36232D4C1ED6BEDF0099E7A2 /* Assets.xcassets */,
				36232D4E1ED6BEDF0099E7A2 /* LaunchScreen.storyboard */,
				36232D511ED6BEDF0099E7A2 /* Info.plist */,
			);
			path = "APPSTUD-Test";
			sourceTree = "<group>";
		};
		36232D591ED6BEDF0099E7A2 /* APPSTUD-TestTests */ = {
			isa = PBXGroup;
			children = (
				36232D971ED6CE870099E7A2 /* Mockings */,
				36232D961ED6CE760099E7A2 /* ModelsTest */,
				36232D5A1ED6BEDF0099E7A2 /* APPSTUD_TestTests.swift */,
				36232D5C1ED6BEDF0099E7A2 /* Info.plist */,
			);
			path = "APPSTUD-TestTests";
			sourceTree = "<group>";
		};
		36232D641ED6BEDF0099E7A2 /* APPSTUD-TestUITests */ = {
			isa = PBXGroup;
			children = (
				36232D651ED6BEDF0099E7A2 /* APPSTUD_TestUITests.swift */,
				36232D671ED6BEDF0099E7A2 /* Info.plist */,
			);
			path = "APPSTUD-TestUITests";
			sourceTree = "<group>";
		};
		36232D731ED6BF3C0099E7A2 /* Components */ = {
			isa = PBXGroup;
			children = (
				3614BECC1ED720D300208D84 /* NSLayoutConstraint+CommonConstraints.h */,
				3614BECD1ED720D300208D84 /* NSLayoutConstraint+CommonConstraints.m */,
				36232D8A1ED6C3E90099E7A2 /* BaseViewController.swift */,
				36232D9A1ED6D30A0099E7A2 /* ASLocationManager.swift */,
				3614BECB1ED720D200208D84 /* APPSTUD-Test-Bridging-Header.h */,
			);
			path = Components;
			sourceTree = "<group>";
		};
		36232D741ED6BF3C0099E7A2 /* Controllers */ = {
			isa = PBXGroup;
			children = (
				36232D881ED6C3D20099E7A2 /* MapViewController.swift */,
				36232D8C1ED6C5700099E7A2 /* ListPlaceViewController.swift */,
			);
			path = Controllers;
			sourceTree = "<group>";
		};
		36232D751ED6BF3C0099E7A2 /* Models */ = {
			isa = PBXGroup;
			children = (
				36232D781ED6BF4F0099E7A2 /* Place.swift */,
			);
			path = Models;
			sourceTree = "<group>";
		};
		36232D761ED6BF3C0099E7A2 /* Utils */ = {
			isa = PBXGroup;
			children = (
				36232D7E1ED6BF960099E7A2 /* Utils.swift */,
				36232DA81ED6FA520099E7A2 /* UIView+Extension.swift */,
			);
			path = Utils;
			sourceTree = "<group>";
		};
		36232D771ED6BF3C0099E7A2 /* Views */ = {
			isa = PBXGroup;
			children = (
				36232D7A1ED6BF7E0099E7A2 /* PlaceViewCell.swift */,
				36232D7C1ED6BF880099E7A2 /* PlaceViewCell.xib */,
				36232D861ED6C1960099E7A2 /* ASAnnotationView.swift */,
				36232DA61ED6F8B40099E7A2 /* ASAnnotation.swift */,
			);
			path = Views;
			sourceTree = "<group>";
		};
		36232D801ED6C0030099E7A2 /* Connections */ = {
			isa = PBXGroup;
			children = (
				36232D841ED6C1750099E7A2 /* APIConnectionManager.swift */,
				36232DA21ED6ECA60099E7A2 /* CoordinatorManager.swift */,
			);
			path = Connections;
			sourceTree = "<group>";
		};
		36232D811ED6C0A20099E7A2 /* Constants */ = {
			isa = PBXGroup;
			children = (
				36232D821ED6C0B30099E7A2 /* Constants.swift */,
			);
			path = Constants;
			sourceTree = "<group>";
		};
		36232D961ED6CE760099E7A2 /* ModelsTest */ = {
			isa = PBXGroup;
			children = (
				36232D981ED6CEE90099E7A2 /* PlaceTest.swift */,
			);
			path = ModelsTest;
			sourceTree = "<group>";
		};
		36232D971ED6CE870099E7A2 /* Mockings */ = {
			isa = PBXGroup;
			children = (
			);
			path = Mockings;
			sourceTree = "<group>";
		};
		36232D9D1ED6DBC20099E7A2 /* Resources */ = {
			isa = PBXGroup;
			children = (
				36232D9E1ED6DBC20099E7A2 /* Distrit1.gpx */,
			);
			path = Resources;
			sourceTree = "<group>";
		};
		F9D84F40304C801B0AA36A60 /* Pods */ = {
			isa = PBXGroup;
			children = (
				D567FDEE6E31246C80CA6F99 /* Pods-APPSTUD-Test.debug.xcconfig */,
				8889E808070DE95F037B1488 /* Pods-APPSTUD-Test.release.xcconfig */,
				CA0EFA0531F1865693A81BCD /* Pods-APPSTUD-TestTests.debug.xcconfig */,
				E197040B9AA4CA2776EE4087 /* Pods-APPSTUD-TestTests.release.xcconfig */,
				2D312569A15DCC5318B5A898 /* Pods-APPSTUD-TestUITests.debug.xcconfig */,
				4085214582AB4870D38F7978 /* Pods-APPSTUD-TestUITests.release.xcconfig */,
			);
			name = Pods;
			sourceTree = "<group>";
		};
		FB03EF1D3532AD2E89BFF805 /* Frameworks */ = {
			isa = PBXGroup;
			children = (
				36232D941ED6CB430099E7A2 /* CoreLocation.framework */,
				36232D921ED6CB3E0099E7A2 /* CoreFoundation.framework */,
				36232D901ED6CB350099E7A2 /* UIKit.framework */,
				36232D8E1ED6CB300099E7A2 /* MapKit.framework */,
				78051B8DB98BF7500713AB25 /* Pods_APPSTUD_Test.framework */,
				14944A1323EE4D441A263DBC /* Pods_APPSTUD_TestTests.framework */,
				D0257062144893A5EA4589D3 /* Pods_APPSTUD_TestUITests.framework */,
			);
			name = Frameworks;
			sourceTree = "<group>";
		};
/* End PBXGroup section */

/* Begin PBXNativeTarget section */
		36232D411ED6BEDE0099E7A2 /* APPSTUD-Test */ = {
			isa = PBXNativeTarget;
			buildConfigurationList = 36232D6A1ED6BEDF0099E7A2 /* Build configuration list for PBXNativeTarget "APPSTUD-Test" */;
			buildPhases = (
				1A901DED5C525A283FF6363F /* [CP] Check Pods Manifest.lock */,
				36232D3E1ED6BEDE0099E7A2 /* Sources */,
				36232D3F1ED6BEDE0099E7A2 /* Frameworks */,
				36232D401ED6BEDE0099E7A2 /* Resources */,
				45FBFE8877CE5F45FF05ECF9 /* [CP] Embed Pods Frameworks */,
				C8755A1D2E9367059E8FCF61 /* [CP] Copy Pods Resources */,
			);
			buildRules = (
			);
			dependencies = (
			);
			name = "APPSTUD-Test";
			productName = "APPSTUD-Test";
			productReference = 36232D421ED6BEDF0099E7A2 /* APPSTUD-Test.app */;
			productType = "com.apple.product-type.application";
		};
		36232D551ED6BEDF0099E7A2 /* APPSTUD-TestTests */ = {
			isa = PBXNativeTarget;
			buildConfigurationList = 36232D6D1ED6BEDF0099E7A2 /* Build configuration list for PBXNativeTarget "APPSTUD-TestTests" */;
			buildPhases = (
				48CFBBD6C2EB3D287EF7094F /* [CP] Check Pods Manifest.lock */,
				36232D521ED6BEDF0099E7A2 /* Sources */,
				36232D531ED6BEDF0099E7A2 /* Frameworks */,
				36232D541ED6BEDF0099E7A2 /* Resources */,
				C396CE5E04C1F30F4246406C /* [CP] Embed Pods Frameworks */,
				EE89B5DC3D6B910C816EC6B9 /* [CP] Copy Pods Resources */,
			);
			buildRules = (
			);
			dependencies = (
				36232D581ED6BEDF0099E7A2 /* PBXTargetDependency */,
			);
			name = "APPSTUD-TestTests";
			productName = "APPSTUD-TestTests";
			productReference = 36232D561ED6BEDF0099E7A2 /* APPSTUD-TestTests.xctest */;
			productType = "com.apple.product-type.bundle.unit-test";
		};
		36232D601ED6BEDF0099E7A2 /* APPSTUD-TestUITests */ = {
			isa = PBXNativeTarget;
			buildConfigurationList = 36232D701ED6BEDF0099E7A2 /* Build configuration list for PBXNativeTarget "APPSTUD-TestUITests" */;
			buildPhases = (
				B10B41F641EBC4B551C62C80 /* [CP] Check Pods Manifest.lock */,
				36232D5D1ED6BEDF0099E7A2 /* Sources */,
				36232D5E1ED6BEDF0099E7A2 /* Frameworks */,
				36232D5F1ED6BEDF0099E7A2 /* Resources */,
				351ADB9DE3172453D8DABAD5 /* [CP] Embed Pods Frameworks */,
				883205BFF201860254938111 /* [CP] Copy Pods Resources */,
			);
			buildRules = (
			);
			dependencies = (
				36232D631ED6BEDF0099E7A2 /* PBXTargetDependency */,
			);
			name = "APPSTUD-TestUITests";
			productName = "APPSTUD-TestUITests";
			productReference = 36232D611ED6BEDF0099E7A2 /* APPSTUD-TestUITests.xctest */;
			productType = "com.apple.product-type.bundle.ui-testing";
		};
/* End PBXNativeTarget section */

/* Begin PBXProject section */
		36232D3A1ED6BEDE0099E7A2 /* Project object */ = {
			isa = PBXProject;
			attributes = {
				LastSwiftUpdateCheck = 0830;
				LastUpgradeCheck = 0830;
				ORGANIZATIONNAME = com.appstub;
				TargetAttributes = {
					36232D411ED6BEDE0099E7A2 = {
						CreatedOnToolsVersion = 8.3.1;
						DevelopmentTeam = 9ZR854GD64;
						LastSwiftMigration = 0830;
						ProvisioningStyle = Automatic;
						SystemCapabilities = {
							com.apple.BackgroundModes = {
								enabled = 1;
							};
							com.apple.Maps.iOS = {
								enabled = 1;
							};
						};
					};
					36232D551ED6BEDF0099E7A2 = {
						CreatedOnToolsVersion = 8.3.1;
						DevelopmentTeam = 9ZR854GD64;
						ProvisioningStyle = Automatic;
						TestTargetID = 36232D411ED6BEDE0099E7A2;
					};
					36232D601ED6BEDF0099E7A2 = {
						CreatedOnToolsVersion = 8.3.1;
						DevelopmentTeam = 9ZR854GD64;
						ProvisioningStyle = Automatic;
						TestTargetID = 36232D411ED6BEDE0099E7A2;
					};
				};
			};
			buildConfigurationList = 36232D3D1ED6BEDE0099E7A2 /* Build configuration list for PBXProject "APPSTUD-Test" */;
			compatibilityVersion = "Xcode 3.2";
			developmentRegion = English;
			hasScannedForEncodings = 0;
			knownRegions = (
				en,
				Base,
			);
			mainGroup = 36232D391ED6BEDE0099E7A2;
			productRefGroup = 36232D431ED6BEDF0099E7A2 /* Products */;
			projectDirPath = "";
			projectRoot = "";
			targets = (
				36232D411ED6BEDE0099E7A2 /* APPSTUD-Test */,
				36232D551ED6BEDF0099E7A2 /* APPSTUD-TestTests */,
				36232D601ED6BEDF0099E7A2 /* APPSTUD-TestUITests */,
			);
		};
/* End PBXProject section */

/* Begin PBXResourcesBuildPhase section */
		36232D401ED6BEDE0099E7A2 /* Resources */ = {
			isa = PBXResourcesBuildPhase;
			buildActionMask = 2147483647;
			files = (
				36232D501ED6BEDF0099E7A2 /* LaunchScreen.storyboard in Resources */,
				36232D4D1ED6BEDF0099E7A2 /* Assets.xcassets in Resources */,
				36232D7D1ED6BF880099E7A2 /* PlaceViewCell.xib in Resources */,
				36232D4B1ED6BEDF0099E7A2 /* Main.storyboard in Resources */,
				36232D9F1ED6DBC20099E7A2 /* Distrit1.gpx in Resources */,
			);
			runOnlyForDeploymentPostprocessing = 0;
		};
		36232D541ED6BEDF0099E7A2 /* Resources */ = {
			isa = PBXResourcesBuildPhase;
			buildActionMask = 2147483647;
			files = (
			);
			runOnlyForDeploymentPostprocessing = 0;
		};
		36232D5F1ED6BEDF0099E7A2 /* Resources */ = {
			isa = PBXResourcesBuildPhase;
			buildActionMask = 2147483647;
			files = (
			);
			runOnlyForDeploymentPostprocessing = 0;
		};
/* End PBXResourcesBuildPhase section */

/* Begin PBXShellScriptBuildPhase section */
		1A901DED5C525A283FF6363F /* [CP] Check Pods Manifest.lock */ = {
			isa = PBXShellScriptBuildPhase;
			buildActionMask = 2147483647;
			files = (
			);
			inputPaths = (
			);
			name = "[CP] Check Pods Manifest.lock";
			outputPaths = (
			);
			runOnlyForDeploymentPostprocessing = 0;
			shellPath = /bin/sh;
			shellScript = "diff \"${PODS_PODFILE_DIR_PATH}/Podfile.lock\" \"${PODS_ROOT}/Manifest.lock\" > /dev/null\nif [ $? != 0 ] ; then\n    # print error to STDERR\n    echo \"error: The sandbox is not in sync with the Podfile.lock. Run 'pod install' or update your CocoaPods installation.\" >&2\n    exit 1\nfi\n";
			showEnvVarsInLog = 0;
		};
		351ADB9DE3172453D8DABAD5 /* [CP] Embed Pods Frameworks */ = {
			isa = PBXShellScriptBuildPhase;
			buildActionMask = 2147483647;
			files = (
			);
			inputPaths = (
			);
			name = "[CP] Embed Pods Frameworks";
			outputPaths = (
			);
			runOnlyForDeploymentPostprocessing = 0;
			shellPath = /bin/sh;
			shellScript = "\"${SRCROOT}/Pods/Target Support Files/Pods-APPSTUD-TestUITests/Pods-APPSTUD-TestUITests-frameworks.sh\"\n";
			showEnvVarsInLog = 0;
		};
		45FBFE8877CE5F45FF05ECF9 /* [CP] Embed Pods Frameworks */ = {
			isa = PBXShellScriptBuildPhase;
			buildActionMask = 2147483647;
			files = (
			);
			inputPaths = (
			);
			name = "[CP] Embed Pods Frameworks";
			outputPaths = (
			);
			runOnlyForDeploymentPostprocessing = 0;
			shellPath = /bin/sh;
			shellScript = "\"${SRCROOT}/Pods/Target Support Files/Pods-APPSTUD-Test/Pods-APPSTUD-Test-frameworks.sh\"\n";
			showEnvVarsInLog = 0;
		};
		48CFBBD6C2EB3D287EF7094F /* [CP] Check Pods Manifest.lock */ = {
			isa = PBXShellScriptBuildPhase;
			buildActionMask = 2147483647;
			files = (
			);
			inputPaths = (
			);
			name = "[CP] Check Pods Manifest.lock";
			outputPaths = (
			);
			runOnlyForDeploymentPostprocessing = 0;
			shellPath = /bin/sh;
			shellScript = "diff \"${PODS_PODFILE_DIR_PATH}/Podfile.lock\" \"${PODS_ROOT}/Manifest.lock\" > /dev/null\nif [ $? != 0 ] ; then\n    # print error to STDERR\n    echo \"error: The sandbox is not in sync with the Podfile.lock. Run 'pod install' or update your CocoaPods installation.\" >&2\n    exit 1\nfi\n";
			showEnvVarsInLog = 0;
		};
		883205BFF201860254938111 /* [CP] Copy Pods Resources */ = {
			isa = PBXShellScriptBuildPhase;
			buildActionMask = 2147483647;
			files = (
			);
			inputPaths = (
			);
			name = "[CP] Copy Pods Resources";
			outputPaths = (
			);
			runOnlyForDeploymentPostprocessing = 0;
			shellPath = /bin/sh;
			shellScript = "\"${SRCROOT}/Pods/Target Support Files/Pods-APPSTUD-TestUITests/Pods-APPSTUD-TestUITests-resources.sh\"\n";
			showEnvVarsInLog = 0;
		};
		B10B41F641EBC4B551C62C80 /* [CP] Check Pods Manifest.lock */ = {
			isa = PBXShellScriptBuildPhase;
			buildActionMask = 2147483647;
			files = (
			);
			inputPaths = (
			);
			name = "[CP] Check Pods Manifest.lock";
			outputPaths = (
			);
			runOnlyForDeploymentPostprocessing = 0;
			shellPath = /bin/sh;
			shellScript = "diff \"${PODS_PODFILE_DIR_PATH}/Podfile.lock\" \"${PODS_ROOT}/Manifest.lock\" > /dev/null\nif [ $? != 0 ] ; then\n    # print error to STDERR\n    echo \"error: The sandbox is not in sync with the Podfile.lock. Run 'pod install' or update your CocoaPods installation.\" >&2\n    exit 1\nfi\n";
			showEnvVarsInLog = 0;
		};
		C396CE5E04C1F30F4246406C /* [CP] Embed Pods Frameworks */ = {
			isa = PBXShellScriptBuildPhase;
			buildActionMask = 2147483647;
			files = (
			);
			inputPaths = (
			);
			name = "[CP] Embed Pods Frameworks";
			outputPaths = (
			);
			runOnlyForDeploymentPostprocessing = 0;
			shellPath = /bin/sh;
			shellScript = "\"${SRCROOT}/Pods/Target Support Files/Pods-APPSTUD-TestTests/Pods-APPSTUD-TestTests-frameworks.sh\"\n";
			showEnvVarsInLog = 0;
		};
		C8755A1D2E9367059E8FCF61 /* [CP] Copy Pods Resources */ = {
			isa = PBXShellScriptBuildPhase;
			buildActionMask = 2147483647;
			files = (
			);
			inputPaths = (
			);
			name = "[CP] Copy Pods Resources";
			outputPaths = (
			);
			runOnlyForDeploymentPostprocessing = 0;
			shellPath = /bin/sh;
			shellScript = "\"${SRCROOT}/Pods/Target Support Files/Pods-APPSTUD-Test/Pods-APPSTUD-Test-resources.sh\"\n";
			showEnvVarsInLog = 0;
		};
		EE89B5DC3D6B910C816EC6B9 /* [CP] Copy Pods Resources */ = {
			isa = PBXShellScriptBuildPhase;
			buildActionMask = 2147483647;
			files = (
			);
			inputPaths = (
			);
			name = "[CP] Copy Pods Resources";
			outputPaths = (
			);
			runOnlyForDeploymentPostprocessing = 0;
			shellPath = /bin/sh;
			shellScript = "\"${SRCROOT}/Pods/Target Support Files/Pods-APPSTUD-TestTests/Pods-APPSTUD-TestTests-resources.sh\"\n";
			showEnvVarsInLog = 0;
		};
/* End PBXShellScriptBuildPhase section */

/* Begin PBXSourcesBuildPhase section */
		36232D3E1ED6BEDE0099E7A2 /* Sources */ = {
			isa = PBXSourcesBuildPhase;
			buildActionMask = 2147483647;
			files = (
				36232D831ED6C0B30099E7A2 /* Constants.swift in Sources */,
				36232D9B1ED6D30A0099E7A2 /* ASLocationManager.swift in Sources */,
				36232D7B1ED6BF7E0099E7A2 /* PlaceViewCell.swift in Sources */,
				36232D871ED6C1960099E7A2 /* ASAnnotationView.swift in Sources */,
				36232D851ED6C1750099E7A2 /* APIConnectionManager.swift in Sources */,
				3614BECE1ED720D300208D84 /* NSLayoutConstraint+CommonConstraints.m in Sources */,
				36232D791ED6BF4F0099E7A2 /* Place.swift in Sources */,
				36232DA31ED6ECA60099E7A2 /* CoordinatorManager.swift in Sources */,
				36232D8B1ED6C3E90099E7A2 /* BaseViewController.swift in Sources */,
				36232DA91ED6FA520099E7A2 /* UIView+Extension.swift in Sources */,
				36232D461ED6BEDF0099E7A2 /* AppDelegate.swift in Sources */,
				36232D7F1ED6BF960099E7A2 /* Utils.swift in Sources */,
				36232D8D1ED6C5700099E7A2 /* ListPlaceViewController.swift in Sources */,
				36232DA71ED6F8B40099E7A2 /* ASAnnotation.swift in Sources */,
				36232D891ED6C3D20099E7A2 /* MapViewController.swift in Sources */,
			);
			runOnlyForDeploymentPostprocessing = 0;
		};
		36232D521ED6BEDF0099E7A2 /* Sources */ = {
			isa = PBXSourcesBuildPhase;
			buildActionMask = 2147483647;
			files = (
				36232D5B1ED6BEDF0099E7A2 /* APPSTUD_TestTests.swift in Sources */,
				36232D991ED6CEE90099E7A2 /* PlaceTest.swift in Sources */,
			);
			runOnlyForDeploymentPostprocessing = 0;
		};
		36232D5D1ED6BEDF0099E7A2 /* Sources */ = {
			isa = PBXSourcesBuildPhase;
			buildActionMask = 2147483647;
			files = (
				36232D661ED6BEDF0099E7A2 /* APPSTUD_TestUITests.swift in Sources */,
			);
			runOnlyForDeploymentPostprocessing = 0;
		};
/* End PBXSourcesBuildPhase section */

/* Begin PBXTargetDependency section */
		36232D581ED6BEDF0099E7A2 /* PBXTargetDependency */ = {
			isa = PBXTargetDependency;
			target = 36232D411ED6BEDE0099E7A2 /* APPSTUD-Test */;
			targetProxy = 36232D571ED6BEDF0099E7A2 /* PBXContainerItemProxy */;
		};
		36232D631ED6BEDF0099E7A2 /* PBXTargetDependency */ = {
			isa = PBXTargetDependency;
			target = 36232D411ED6BEDE0099E7A2 /* APPSTUD-Test */;
			targetProxy = 36232D621ED6BEDF0099E7A2 /* PBXContainerItemProxy */;
		};
/* End PBXTargetDependency section */

/* Begin PBXVariantGroup section */
		36232D491ED6BEDF0099E7A2 /* Main.storyboard */ = {
			isa = PBXVariantGroup;
			children = (
				36232D4A1ED6BEDF0099E7A2 /* Base */,
			);
			name = Main.storyboard;
			sourceTree = "<group>";
		};
		36232D4E1ED6BEDF0099E7A2 /* LaunchScreen.storyboard */ = {
			isa = PBXVariantGroup;
			children = (
				36232D4F1ED6BEDF0099E7A2 /* Base */,
			);
			name = LaunchScreen.storyboard;
			sourceTree = "<group>";
		};
/* End PBXVariantGroup section */

/* Begin XCBuildConfiguration section */
		36232D681ED6BEDF0099E7A2 /* Debug */ = {
			isa = XCBuildConfiguration;
			buildSettings = {
				ALWAYS_SEARCH_USER_PATHS = NO;
				CLANG_ANALYZER_NONNULL = YES;
				CLANG_ANALYZER_NUMBER_OBJECT_CONVERSION = YES_AGGRESSIVE;
				CLANG_CXX_LANGUAGE_STANDARD = "gnu++0x";
				CLANG_CXX_LIBRARY = "libc++";
				CLANG_ENABLE_MODULES = YES;
				CLANG_ENABLE_OBJC_ARC = YES;
				CLANG_WARN_BOOL_CONVERSION = YES;
				CLANG_WARN_CONSTANT_CONVERSION = YES;
				CLANG_WARN_DIRECT_OBJC_ISA_USAGE = YES_ERROR;
				CLANG_WARN_DOCUMENTATION_COMMENTS = YES;
				CLANG_WARN_EMPTY_BODY = YES;
				CLANG_WARN_ENUM_CONVERSION = YES;
				CLANG_WARN_INFINITE_RECURSION = YES;
				CLANG_WARN_INT_CONVERSION = YES;
				CLANG_WARN_OBJC_ROOT_CLASS = YES_ERROR;
				CLANG_WARN_SUSPICIOUS_MOVE = YES;
				CLANG_WARN_UNREACHABLE_CODE = YES;
				CLANG_WARN__DUPLICATE_METHOD_MATCH = YES;
				"CODE_SIGN_IDENTITY[sdk=iphoneos*]" = "iPhone Developer";
				COPY_PHASE_STRIP = NO;
				DEBUG_INFORMATION_FORMAT = dwarf;
				ENABLE_STRICT_OBJC_MSGSEND = YES;
				ENABLE_TESTABILITY = YES;
				GCC_C_LANGUAGE_STANDARD = gnu99;
				GCC_DYNAMIC_NO_PIC = NO;
				GCC_NO_COMMON_BLOCKS = YES;
				GCC_OPTIMIZATION_LEVEL = 0;
				GCC_PREPROCESSOR_DEFINITIONS = (
					"DEBUG=1",
					"$(inherited)",
				);
				GCC_WARN_64_TO_32_BIT_CONVERSION = YES;
				GCC_WARN_ABOUT_RETURN_TYPE = YES_ERROR;
				GCC_WARN_UNDECLARED_SELECTOR = YES;
				GCC_WARN_UNINITIALIZED_AUTOS = YES_AGGRESSIVE;
				GCC_WARN_UNUSED_FUNCTION = YES;
				GCC_WARN_UNUSED_VARIABLE = YES;
				IPHONEOS_DEPLOYMENT_TARGET = 10.3;
				MTL_ENABLE_DEBUG_INFO = YES;
				ONLY_ACTIVE_ARCH = YES;
				SDKROOT = iphoneos;
				SWIFT_ACTIVE_COMPILATION_CONDITIONS = DEBUG;
				SWIFT_OPTIMIZATION_LEVEL = "-Onone";
			};
			name = Debug;
		};
		36232D691ED6BEDF0099E7A2 /* Release */ = {
			isa = XCBuildConfiguration;
			buildSettings = {
				ALWAYS_SEARCH_USER_PATHS = NO;
				CLANG_ANALYZER_NONNULL = YES;
				CLANG_ANALYZER_NUMBER_OBJECT_CONVERSION = YES_AGGRESSIVE;
				CLANG_CXX_LANGUAGE_STANDARD = "gnu++0x";
				CLANG_CXX_LIBRARY = "libc++";
				CLANG_ENABLE_MODULES = YES;
				CLANG_ENABLE_OBJC_ARC = YES;
				CLANG_WARN_BOOL_CONVERSION = YES;
				CLANG_WARN_CONSTANT_CONVERSION = YES;
				CLANG_WARN_DIRECT_OBJC_ISA_USAGE = YES_ERROR;
				CLANG_WARN_DOCUMENTATION_COMMENTS = YES;
				CLANG_WARN_EMPTY_BODY = YES;
				CLANG_WARN_ENUM_CONVERSION = YES;
				CLANG_WARN_INFINITE_RECURSION = YES;
				CLANG_WARN_INT_CONVERSION = YES;
				CLANG_WARN_OBJC_ROOT_CLASS = YES_ERROR;
				CLANG_WARN_SUSPICIOUS_MOVE = YES;
				CLANG_WARN_UNREACHABLE_CODE = YES;
				CLANG_WARN__DUPLICATE_METHOD_MATCH = YES;
				"CODE_SIGN_IDENTITY[sdk=iphoneos*]" = "iPhone Developer";
				COPY_PHASE_STRIP = NO;
				DEBUG_INFORMATION_FORMAT = "dwarf-with-dsym";
				ENABLE_NS_ASSERTIONS = NO;
				ENABLE_STRICT_OBJC_MSGSEND = YES;
				GCC_C_LANGUAGE_STANDARD = gnu99;
				GCC_NO_COMMON_BLOCKS = YES;
				GCC_WARN_64_TO_32_BIT_CONVERSION = YES;
				GCC_WARN_ABOUT_RETURN_TYPE = YES_ERROR;
				GCC_WARN_UNDECLARED_SELECTOR = YES;
				GCC_WARN_UNINITIALIZED_AUTOS = YES_AGGRESSIVE;
				GCC_WARN_UNUSED_FUNCTION = YES;
				GCC_WARN_UNUSED_VARIABLE = YES;
				IPHONEOS_DEPLOYMENT_TARGET = 10.3;
				MTL_ENABLE_DEBUG_INFO = NO;
				SDKROOT = iphoneos;
				SWIFT_OPTIMIZATION_LEVEL = "-Owholemodule";
				VALIDATE_PRODUCT = YES;
			};
			name = Release;
		};
		36232D6B1ED6BEDF0099E7A2 /* Debug */ = {
			isa = XCBuildConfiguration;
			baseConfigurationReference = D567FDEE6E31246C80CA6F99 /* Pods-APPSTUD-Test.debug.xcconfig */;
			buildSettings = {
				ASSETCATALOG_COMPILER_APPICON_NAME = AppIcon;
				CLANG_ENABLE_MODULES = YES;
				DEVELOPMENT_TEAM = 9ZR854GD64;
				INFOPLIST_FILE = "APPSTUD-Test/Info.plist";
				IPHONEOS_DEPLOYMENT_TARGET = 9.0;
				LD_RUNPATH_SEARCH_PATHS = "$(inherited) @executable_path/Frameworks";
				PRODUCT_BUNDLE_IDENTIFIER = "Elinext.APPSTUD-Test";
				PRODUCT_NAME = "$(TARGET_NAME)";
				SWIFT_OBJC_BRIDGING_HEADER = "APPSTUD-Test/Components/APPSTUD-Test-Bridging-Header.h";
				SWIFT_OPTIMIZATION_LEVEL = "-Onone";
				SWIFT_VERSION = 3.0;
			};
			name = Debug;
		};
		36232D6C1ED6BEDF0099E7A2 /* Release */ = {
			isa = XCBuildConfiguration;
			baseConfigurationReference = 8889E808070DE95F037B1488 /* Pods-APPSTUD-Test.release.xcconfig */;
			buildSettings = {
				ASSETCATALOG_COMPILER_APPICON_NAME = AppIcon;
				CLANG_ENABLE_MODULES = YES;
				DEVELOPMENT_TEAM = 9ZR854GD64;
				INFOPLIST_FILE = "APPSTUD-Test/Info.plist";
				IPHONEOS_DEPLOYMENT_TARGET = 9.0;
				LD_RUNPATH_SEARCH_PATHS = "$(inherited) @executable_path/Frameworks";
				PRODUCT_BUNDLE_IDENTIFIER = "Elinext.APPSTUD-Test";
				PRODUCT_NAME = "$(TARGET_NAME)";
				SWIFT_OBJC_BRIDGING_HEADER = "APPSTUD-Test/Components/APPSTUD-Test-Bridging-Header.h";
				SWIFT_VERSION = 3.0;
			};
			name = Release;
		};
		36232D6E1ED6BEDF0099E7A2 /* Debug */ = {
			isa = XCBuildConfiguration;
			baseConfigurationReference = CA0EFA0531F1865693A81BCD /* Pods-APPSTUD-TestTests.debug.xcconfig */;
			buildSettings = {
				ALWAYS_EMBED_SWIFT_STANDARD_LIBRARIES = YES;
				BUNDLE_LOADER = "$(TEST_HOST)";
				DEVELOPMENT_TEAM = 9ZR854GD64;
				INFOPLIST_FILE = "APPSTUD-TestTests/Info.plist";
				LD_RUNPATH_SEARCH_PATHS = "$(inherited) @executable_path/Frameworks @loader_path/Frameworks";
				PRODUCT_BUNDLE_IDENTIFIER = "Elinext.APPSTUD-TestTests";
				PRODUCT_NAME = "$(TARGET_NAME)";
				SWIFT_VERSION = 3.0;
				TEST_HOST = "$(BUILT_PRODUCTS_DIR)/APPSTUD-Test.app/APPSTUD-Test";
			};
			name = Debug;
		};
		36232D6F1ED6BEDF0099E7A2 /* Release */ = {
			isa = XCBuildConfiguration;
			baseConfigurationReference = E197040B9AA4CA2776EE4087 /* Pods-APPSTUD-TestTests.release.xcconfig */;
			buildSettings = {
				ALWAYS_EMBED_SWIFT_STANDARD_LIBRARIES = YES;
				BUNDLE_LOADER = "$(TEST_HOST)";
				DEVELOPMENT_TEAM = 9ZR854GD64;
				INFOPLIST_FILE = "APPSTUD-TestTests/Info.plist";
				LD_RUNPATH_SEARCH_PATHS = "$(inherited) @executable_path/Frameworks @loader_path/Frameworks";
				PRODUCT_BUNDLE_IDENTIFIER = "Elinext.APPSTUD-TestTests";
				PRODUCT_NAME = "$(TARGET_NAME)";
				SWIFT_VERSION = 3.0;
				TEST_HOST = "$(BUILT_PRODUCTS_DIR)/APPSTUD-Test.app/APPSTUD-Test";
			};
			name = Release;
		};
		36232D711ED6BEDF0099E7A2 /* Debug */ = {
			isa = XCBuildConfiguration;
			baseConfigurationReference = 2D312569A15DCC5318B5A898 /* Pods-APPSTUD-TestUITests.debug.xcconfig */;
			buildSettings = {
				ALWAYS_EMBED_SWIFT_STANDARD_LIBRARIES = YES;
				DEVELOPMENT_TEAM = 9ZR854GD64;
				INFOPLIST_FILE = "APPSTUD-TestUITests/Info.plist";
				LD_RUNPATH_SEARCH_PATHS = "$(inherited) @executable_path/Frameworks @loader_path/Frameworks";
				PRODUCT_BUNDLE_IDENTIFIER = "Elinext.APPSTUD-TestUITests";
				PRODUCT_NAME = "$(TARGET_NAME)";
				SWIFT_VERSION = 3.0;
				TEST_TARGET_NAME = "APPSTUD-Test";
			};
			name = Debug;
		};
		36232D721ED6BEDF0099E7A2 /* Release */ = {
			isa = XCBuildConfiguration;
			baseConfigurationReference = 4085214582AB4870D38F7978 /* Pods-APPSTUD-TestUITests.release.xcconfig */;
			buildSettings = {
				ALWAYS_EMBED_SWIFT_STANDARD_LIBRARIES = YES;
				DEVELOPMENT_TEAM = 9ZR854GD64;
				INFOPLIST_FILE = "APPSTUD-TestUITests/Info.plist";
				LD_RUNPATH_SEARCH_PATHS = "$(inherited) @executable_path/Frameworks @loader_path/Frameworks";
				PRODUCT_BUNDLE_IDENTIFIER = "Elinext.APPSTUD-TestUITests";
				PRODUCT_NAME = "$(TARGET_NAME)";
				SWIFT_VERSION = 3.0;
				TEST_TARGET_NAME = "APPSTUD-Test";
			};
			name = Release;
		};
/* End XCBuildConfiguration section */

/* Begin XCConfigurationList section */
		36232D3D1ED6BEDE0099E7A2 /* Build configuration list for PBXProject "APPSTUD-Test" */ = {
			isa = XCConfigurationList;
			buildConfigurations = (
				36232D681ED6BEDF0099E7A2 /* Debug */,
				36232D691ED6BEDF0099E7A2 /* Release */,
			);
			defaultConfigurationIsVisible = 0;
			defaultConfigurationName = Release;
		};
		36232D6A1ED6BEDF0099E7A2 /* Build configuration list for PBXNativeTarget "APPSTUD-Test" */ = {
			isa = XCConfigurationList;
			buildConfigurations = (
				36232D6B1ED6BEDF0099E7A2 /* Debug */,
				36232D6C1ED6BEDF0099E7A2 /* Release */,
			);
			defaultConfigurationIsVisible = 0;
			defaultConfigurationName = Release;
		};
		36232D6D1ED6BEDF0099E7A2 /* Build configuration list for PBXNativeTarget "APPSTUD-TestTests" */ = {
			isa = XCConfigurationList;
			buildConfigurations = (
				36232D6E1ED6BEDF0099E7A2 /* Debug */,
				36232D6F1ED6BEDF0099E7A2 /* Release */,
			);
			defaultConfigurationIsVisible = 0;
			defaultConfigurationName = Release;
		};
		36232D701ED6BEDF0099E7A2 /* Build configuration list for PBXNativeTarget "APPSTUD-TestUITests" */ = {
			isa = XCConfigurationList;
			buildConfigurations = (
				36232D711ED6BEDF0099E7A2 /* Debug */,
				36232D721ED6BEDF0099E7A2 /* Release */,
			);
			defaultConfigurationIsVisible = 0;
			defaultConfigurationName = Release;
		};
/* End XCConfigurationList section */
	};
	rootObject = 36232D3A1ED6BEDE0099E7A2 /* Project object */;
}
